// !$*UTF8*$!
{
	archiveVersion = 1;
	classes = {
	};
	objectVersion = 55;
	objects = {

/* Begin PBXBuildFile section */
		86173E87284780070097B421 /* StartScene.swift in Sources */ = {isa = PBXBuildFile; fileRef = 86173E86284780070097B421 /* StartScene.swift */; };
		861D19FC28328BA700D6E6B1 /* AppDelegate.swift in Sources */ = {isa = PBXBuildFile; fileRef = 861D19FB28328BA700D6E6B1 /* AppDelegate.swift */; };
		861D1A0428328BA700D6E6B1 /* GameViewController.swift in Sources */ = {isa = PBXBuildFile; fileRef = 861D1A0328328BA700D6E6B1 /* GameViewController.swift */; };
		861D1A0728328BA700D6E6B1 /* Main.storyboard in Resources */ = {isa = PBXBuildFile; fileRef = 861D1A0528328BA700D6E6B1 /* Main.storyboard */; };
		861D1A0928328BA800D6E6B1 /* Assets.xcassets in Resources */ = {isa = PBXBuildFile; fileRef = 861D1A0828328BA800D6E6B1 /* Assets.xcassets */; };
		861D1A0C28328BA800D6E6B1 /* LaunchScreen.storyboard in Resources */ = {isa = PBXBuildFile; fileRef = 861D1A0A28328BA800D6E6B1 /* LaunchScreen.storyboard */; };
		861F8CC528C1A94C00477665 /* Ch5Part2ViewController.swift in Sources */ = {isa = PBXBuildFile; fileRef = 861F8CC428C1A94C00477665 /* Ch5Part2ViewController.swift */; };
		861F8CC728C1AA8900477665 /* Ch5PresentationLayout.swift in Sources */ = {isa = PBXBuildFile; fileRef = 861F8CC628C1AA8900477665 /* Ch5PresentationLayout.swift */; };
		861F8CC928C1AAA000477665 /* Ch5Data.swift in Sources */ = {isa = PBXBuildFile; fileRef = 861F8CC828C1AAA000477665 /* Ch5Data.swift */; };
		861F8CCB28C1E1A800477665 /* Ch5MailLayout.swift in Sources */ = {isa = PBXBuildFile; fileRef = 861F8CCA28C1E1A800477665 /* Ch5MailLayout.swift */; };
		861F8CCD28C70E5A00477665 /* StartUserNameLayout.swift in Sources */ = {isa = PBXBuildFile; fileRef = 861F8CCC28C70E5A00477665 /* StartUserNameLayout.swift */; };
		86261A0D291F564A00A375F2 /* MLResult.swift in Sources */ = {isa = PBXBuildFile; fileRef = 86261A0C291F564A00A375F2 /* MLResult.swift */; };
		86261A11291F612200A375F2 /* ResultDeptClassification.mlmodel in Sources */ = {isa = PBXBuildFile; fileRef = 86261A10291F612200A375F2 /* ResultDeptClassification.mlmodel */; };
		8647B197289FA2EC005F54BC /* Ch2Part1ViewController.swift in Sources */ = {isa = PBXBuildFile; fileRef = 8647B196289FA2EC005F54BC /* Ch2Part1ViewController.swift */; };
		8647B199289FAB77005F54BC /* StartViewController.swift in Sources */ = {isa = PBXBuildFile; fileRef = 8647B198289FAB77005F54BC /* StartViewController.swift */; };
		8647B19B28A9137D005F54BC /* Ch1Part1ViewController.swift in Sources */ = {isa = PBXBuildFile; fileRef = 8647B19A28A9137D005F54BC /* Ch1Part1ViewController.swift */; };
		8647B19E28A922AB005F54BC /* Ch1Part2ViewController.swift in Sources */ = {isa = PBXBuildFile; fileRef = 8647B19D28A922AB005F54BC /* Ch1Part2ViewController.swift */; };
		8647B1A028A9345A005F54BC /* Ch2Part2ViewController.swift in Sources */ = {isa = PBXBuildFile; fileRef = 8647B19F28A9345A005F54BC /* Ch2Part2ViewController.swift */; };
		8647B1A228AA2642005F54BC /* BaseLayout.swift in Sources */ = {isa = PBXBuildFile; fileRef = 8647B1A128AA2642005F54BC /* BaseLayout.swift */; };
		8647B1A828AFDB05005F54BC /* launch.png in Resources */ = {isa = PBXBuildFile; fileRef = 8647B1A728AFDB05005F54BC /* launch.png */; };
		8647B1AB28B0B68B005F54BC /* start_music.mp3 in Resources */ = {isa = PBXBuildFile; fileRef = 8647B1AA28B0B68B005F54BC /* start_music.mp3 */; };
		8647B1AD28B0BFF6005F54BC /* button_clicked.wav in Resources */ = {isa = PBXBuildFile; fileRef = 8647B1AC28B0BFF6005F54BC /* button_clicked.wav */; };
		8647B1AF28B0C798005F54BC /* Sound.swift in Sources */ = {isa = PBXBuildFile; fileRef = 8647B1AE28B0C798005F54BC /* Sound.swift */; };
		8647B1B128B0CA03005F54BC /* button_highlight.wav in Resources */ = {isa = PBXBuildFile; fileRef = 8647B1B028B0CA03005F54BC /* button_highlight.wav */; };
		8647B1B328B0CFDE005F54BC /* BaseViewController.swift in Sources */ = {isa = PBXBuildFile; fileRef = 8647B1B228B0CFDE005F54BC /* BaseViewController.swift */; };
		8647B1B528B1035D005F54BC /* home_music.mp3 in Resources */ = {isa = PBXBuildFile; fileRef = 8647B1B428B1035D005F54BC /* home_music.mp3 */; };
		8647B1BA28B10CF2005F54BC /* elevator_sound.mp3 in Resources */ = {isa = PBXBuildFile; fileRef = 8647B1B828B10CF2005F54BC /* elevator_sound.mp3 */; };
		8647B1BB28B10CF2005F54BC /* elevator_ding.mp3 in Resources */ = {isa = PBXBuildFile; fileRef = 8647B1B928B10CF2005F54BC /* elevator_ding.mp3 */; };
		8693E0DB2864459800D7D306 /* neodgm.ttf in Resources */ = {isa = PBXBuildFile; fileRef = 8693E0DA2864458200D7D306 /* neodgm.ttf */; };
		8693E11128799C4300D7D306 /* SubwayScene.swift in Sources */ = {isa = PBXBuildFile; fileRef = 8693E11028799C3000D7D306 /* SubwayScene.swift */; };
		8693E11F288D216C00D7D306 /* View.swift in Sources */ = {isa = PBXBuildFile; fileRef = 8693E11E288D216C00D7D306 /* View.swift */; };
		86996E1B28B5AC0C0021C383 /* SubwayGameResult.swift in Sources */ = {isa = PBXBuildFile; fileRef = 86996E1A28B5AC0C0021C383 /* SubwayGameResult.swift */; };
		86A318E428ADB86B002D5C25 /* Ch3Part1ViewController.swift in Sources */ = {isa = PBXBuildFile; fileRef = 86A318E328ADB86B002D5C25 /* Ch3Part1ViewController.swift */; };
		86A318E628ADCDFD002D5C25 /* Ch3Part2ViewController.swift in Sources */ = {isa = PBXBuildFile; fileRef = 86A318E528ADCDFD002D5C25 /* Ch3Part2ViewController.swift */; };
		86A318E828ADD693002D5C25 /* Ch3OfficeLayout.swift in Sources */ = {isa = PBXBuildFile; fileRef = 86A318E728ADD693002D5C25 /* Ch3OfficeLayout.swift */; };
		86A318EA28ADD6E3002D5C25 /* Ch3Data.swift in Sources */ = {isa = PBXBuildFile; fileRef = 86A318E928ADD6E3002D5C25 /* Ch3Data.swift */; };
		86A318EC28ADDA17002D5C25 /* Ch2Data.swift in Sources */ = {isa = PBXBuildFile; fileRef = 86A318EB28ADDA17002D5C25 /* Ch2Data.swift */; };
		86A318EE28ADDAB8002D5C25 /* Ch1Data.swift in Sources */ = {isa = PBXBuildFile; fileRef = 86A318ED28ADDAB8002D5C25 /* Ch1Data.swift */; };
		86A318F028ADDC0F002D5C25 /* Ch2OfficeLayout.swift in Sources */ = {isa = PBXBuildFile; fileRef = 86A318EF28ADDC0F002D5C25 /* Ch2OfficeLayout.swift */; };
		86A318F628ADDDAE002D5C25 /* Ch1HomeLayout.swift in Sources */ = {isa = PBXBuildFile; fileRef = 86A318F528ADDDAE002D5C25 /* Ch1HomeLayout.swift */; };
		86A318F828ADDE38002D5C25 /* Ch1SubwayLayout.swift in Sources */ = {isa = PBXBuildFile; fileRef = 86A318F728ADDE38002D5C25 /* Ch1SubwayLayout.swift */; };
		86A318FB28ADF281002D5C25 /* Ch4Part1ViewController.swift in Sources */ = {isa = PBXBuildFile; fileRef = 86A318FA28ADF281002D5C25 /* Ch4Part1ViewController.swift */; };
		86A318FD28ADF2E2002D5C25 /* Ch4Data.swift in Sources */ = {isa = PBXBuildFile; fileRef = 86A318FC28ADF2E2002D5C25 /* Ch4Data.swift */; };
		86A318FF28ADF953002D5C25 /* DataClass.swift in Sources */ = {isa = PBXBuildFile; fileRef = 86A318FE28ADF953002D5C25 /* DataClass.swift */; };
		86A3190128AE01A0002D5C25 /* Ch4OfficeLayout.swift in Sources */ = {isa = PBXBuildFile; fileRef = 86A3190028AE01A0002D5C25 /* Ch4OfficeLayout.swift */; };
		86A3190328AE1186002D5C25 /* Ch4Part2ViewController.swift in Sources */ = {isa = PBXBuildFile; fileRef = 86A3190228AE1186002D5C25 /* Ch4Part2ViewController.swift */; };
		86A4248628B46B5A0078E6FE /* SubwayHUD.swift in Sources */ = {isa = PBXBuildFile; fileRef = 86A4248528B46B5A0078E6FE /* SubwayHUD.swift */; };
		86A4248A28B48CF60078E6FE /* SubwayDescription.swift in Sources */ = {isa = PBXBuildFile; fileRef = 86A4248928B48CF60078E6FE /* SubwayDescription.swift */; };
		86AA6FF728B35DAA0099BDB3 /* Ch1Part3ViewController.swift in Sources */ = {isa = PBXBuildFile; fileRef = 86AA6FF628B35DAA0099BDB3 /* Ch1Part3ViewController.swift */; };
		86CE910E28AF4A9A00F58BAA /* Ch1ElevatorViewController.swift in Sources */ = {isa = PBXBuildFile; fileRef = 86CE910D28AF4A9A00F58BAA /* Ch1ElevatorViewController.swift */; };
		86CE911028AF547F00F58BAA /* Ch1ElevatorLayout.swift in Sources */ = {isa = PBXBuildFile; fileRef = 86CE910F28AF547F00F58BAA /* Ch1ElevatorLayout.swift */; };
		86F65B2C283F3CE200DCBAA8 /* Utils.swift in Sources */ = {isa = PBXBuildFile; fileRef = 86F65B2B283F3CE200DCBAA8 /* Utils.swift */; };
		E8539A1A28B8505F0071BCD8 /* Ch5Part1ViewController.swift in Sources */ = {isa = PBXBuildFile; fileRef = E8539A1928B8505F0071BCD8 /* Ch5Part1ViewController.swift */; };
		E87F9255291B71EA00424757 /* ReferenceViewControllerViewController.swift in Sources */ = {isa = PBXBuildFile; fileRef = E87F9254291B71EA00424757 /* ReferenceViewControllerViewController.swift */; };
		E87F9257291B738400424757 /* ReferenceLayout.swift in Sources */ = {isa = PBXBuildFile; fileRef = E87F9256291B738400424757 /* ReferenceLayout.swift */; };
		E8A2BBFE28DAD65400B54ADB /* EndingViewController.swift in Sources */ = {isa = PBXBuildFile; fileRef = E8A2BBFD28DAD65400B54ADB /* EndingViewController.swift */; };
		E8A2BC0028DAD66000B54ADB /* EndingData.swift in Sources */ = {isa = PBXBuildFile; fileRef = E8A2BBFF28DAD66000B54ADB /* EndingData.swift */; };
		E8A2BC0228DAD66B00B54ADB /* EndingLayout.swift in Sources */ = {isa = PBXBuildFile; fileRef = E8A2BC0128DAD66B00B54ADB /* EndingLayout.swift */; };
		F9B55AF9C2DF3E9184DF009E /* Pods_Zoo_Company.framework in Frameworks */ = {isa = PBXBuildFile; fileRef = 66654D1C2F29E900C8F835AD /* Pods_Zoo_Company.framework */; };
/* End PBXBuildFile section */

/* Begin PBXFileReference section */
		450996C602CF2DC40FB27933 /* Pods-Zoo Company.debug.xcconfig */ = {isa = PBXFileReference; includeInIndex = 1; lastKnownFileType = text.xcconfig; name = "Pods-Zoo Company.debug.xcconfig"; path = "Target Support Files/Pods-Zoo Company/Pods-Zoo Company.debug.xcconfig"; sourceTree = "<group>"; };
		66654D1C2F29E900C8F835AD /* Pods_Zoo_Company.framework */ = {isa = PBXFileReference; explicitFileType = wrapper.framework; includeInIndex = 0; path = Pods_Zoo_Company.framework; sourceTree = BUILT_PRODUCTS_DIR; };
		86173E86284780070097B421 /* StartScene.swift */ = {isa = PBXFileReference; lastKnownFileType = sourcecode.swift; path = StartScene.swift; sourceTree = "<group>"; };
		861D19F828328BA700D6E6B1 /* Zoo Company.app */ = {isa = PBXFileReference; explicitFileType = wrapper.application; includeInIndex = 0; path = "Zoo Company.app"; sourceTree = BUILT_PRODUCTS_DIR; };
		861D19FB28328BA700D6E6B1 /* AppDelegate.swift */ = {isa = PBXFileReference; lastKnownFileType = sourcecode.swift; path = AppDelegate.swift; sourceTree = "<group>"; };
		861D1A0328328BA700D6E6B1 /* GameViewController.swift */ = {isa = PBXFileReference; lastKnownFileType = sourcecode.swift; path = GameViewController.swift; sourceTree = "<group>"; };
		861D1A0628328BA700D6E6B1 /* Base */ = {isa = PBXFileReference; lastKnownFileType = file.storyboard; name = Base; path = Base.lproj/Main.storyboard; sourceTree = "<group>"; };
		861D1A0828328BA800D6E6B1 /* Assets.xcassets */ = {isa = PBXFileReference; lastKnownFileType = folder.assetcatalog; path = Assets.xcassets; sourceTree = "<group>"; };
		861D1A0B28328BA800D6E6B1 /* Base */ = {isa = PBXFileReference; lastKnownFileType = file.storyboard; name = Base; path = Base.lproj/LaunchScreen.storyboard; sourceTree = "<group>"; };
		861F8CC428C1A94C00477665 /* Ch5Part2ViewController.swift */ = {isa = PBXFileReference; lastKnownFileType = sourcecode.swift; path = Ch5Part2ViewController.swift; sourceTree = "<group>"; };
		861F8CC628C1AA8900477665 /* Ch5PresentationLayout.swift */ = {isa = PBXFileReference; lastKnownFileType = sourcecode.swift; path = Ch5PresentationLayout.swift; sourceTree = "<group>"; };
		861F8CC828C1AAA000477665 /* Ch5Data.swift */ = {isa = PBXFileReference; lastKnownFileType = sourcecode.swift; path = Ch5Data.swift; sourceTree = "<group>"; };
		861F8CCA28C1E1A800477665 /* Ch5MailLayout.swift */ = {isa = PBXFileReference; lastKnownFileType = sourcecode.swift; path = Ch5MailLayout.swift; sourceTree = "<group>"; };
		861F8CCC28C70E5A00477665 /* StartUserNameLayout.swift */ = {isa = PBXFileReference; lastKnownFileType = sourcecode.swift; path = StartUserNameLayout.swift; sourceTree = "<group>"; };
		86261A0C291F564A00A375F2 /* MLResult.swift */ = {isa = PBXFileReference; lastKnownFileType = sourcecode.swift; path = MLResult.swift; sourceTree = "<group>"; };
		86261A10291F612200A375F2 /* ResultDeptClassification.mlmodel */ = {isa = PBXFileReference; lastKnownFileType = file.mlmodel; path = ResultDeptClassification.mlmodel; sourceTree = "<group>"; };
		8647B196289FA2EC005F54BC /* Ch2Part1ViewController.swift */ = {isa = PBXFileReference; lastKnownFileType = sourcecode.swift; path = Ch2Part1ViewController.swift; sourceTree = "<group>"; };
		8647B198289FAB77005F54BC /* StartViewController.swift */ = {isa = PBXFileReference; lastKnownFileType = sourcecode.swift; path = StartViewController.swift; sourceTree = "<group>"; };
		8647B19A28A9137D005F54BC /* Ch1Part1ViewController.swift */ = {isa = PBXFileReference; lastKnownFileType = sourcecode.swift; path = Ch1Part1ViewController.swift; sourceTree = "<group>"; };
		8647B19D28A922AB005F54BC /* Ch1Part2ViewController.swift */ = {isa = PBXFileReference; lastKnownFileType = sourcecode.swift; path = Ch1Part2ViewController.swift; sourceTree = "<group>"; };
		8647B19F28A9345A005F54BC /* Ch2Part2ViewController.swift */ = {isa = PBXFileReference; lastKnownFileType = sourcecode.swift; path = Ch2Part2ViewController.swift; sourceTree = "<group>"; };
		8647B1A128AA2642005F54BC /* BaseLayout.swift */ = {isa = PBXFileReference; lastKnownFileType = sourcecode.swift; path = BaseLayout.swift; sourceTree = "<group>"; };
		8647B1A728AFDB05005F54BC /* launch.png */ = {isa = PBXFileReference; lastKnownFileType = image.png; path = launch.png; sourceTree = "<group>"; };
		8647B1AA28B0B68B005F54BC /* start_music.mp3 */ = {isa = PBXFileReference; lastKnownFileType = audio.mp3; path = start_music.mp3; sourceTree = "<group>"; };
		8647B1AC28B0BFF6005F54BC /* button_clicked.wav */ = {isa = PBXFileReference; lastKnownFileType = audio.wav; path = button_clicked.wav; sourceTree = "<group>"; };
		8647B1AE28B0C798005F54BC /* Sound.swift */ = {isa = PBXFileReference; lastKnownFileType = sourcecode.swift; path = Sound.swift; sourceTree = "<group>"; };
		8647B1B028B0CA03005F54BC /* button_highlight.wav */ = {isa = PBXFileReference; lastKnownFileType = audio.wav; path = button_highlight.wav; sourceTree = "<group>"; };
		8647B1B228B0CFDE005F54BC /* BaseViewController.swift */ = {isa = PBXFileReference; lastKnownFileType = sourcecode.swift; path = BaseViewController.swift; sourceTree = "<group>"; };
		8647B1B428B1035D005F54BC /* home_music.mp3 */ = {isa = PBXFileReference; lastKnownFileType = audio.mp3; path = home_music.mp3; sourceTree = "<group>"; };
		8647B1B828B10CF2005F54BC /* elevator_sound.mp3 */ = {isa = PBXFileReference; lastKnownFileType = audio.mp3; path = elevator_sound.mp3; sourceTree = "<group>"; };
		8647B1B928B10CF2005F54BC /* elevator_ding.mp3 */ = {isa = PBXFileReference; lastKnownFileType = audio.mp3; path = elevator_ding.mp3; sourceTree = "<group>"; };
		8693E0DA2864458200D7D306 /* neodgm.ttf */ = {isa = PBXFileReference; lastKnownFileType = file; path = neodgm.ttf; sourceTree = "<group>"; };
		8693E0DC2864482B00D7D306 /* Zoo-Company-Info.plist */ = {isa = PBXFileReference; lastKnownFileType = text.plist; path = "Zoo-Company-Info.plist"; sourceTree = "<group>"; };
		8693E11028799C3000D7D306 /* SubwayScene.swift */ = {isa = PBXFileReference; lastKnownFileType = sourcecode.swift; path = SubwayScene.swift; sourceTree = "<group>"; };
		8693E11E288D216C00D7D306 /* View.swift */ = {isa = PBXFileReference; lastKnownFileType = sourcecode.swift; path = View.swift; sourceTree = "<group>"; };
		86996E1A28B5AC0C0021C383 /* SubwayGameResult.swift */ = {isa = PBXFileReference; lastKnownFileType = sourcecode.swift; path = SubwayGameResult.swift; sourceTree = "<group>"; };
		86A318E328ADB86B002D5C25 /* Ch3Part1ViewController.swift */ = {isa = PBXFileReference; lastKnownFileType = sourcecode.swift; path = Ch3Part1ViewController.swift; sourceTree = "<group>"; };
		86A318E528ADCDFD002D5C25 /* Ch3Part2ViewController.swift */ = {isa = PBXFileReference; lastKnownFileType = sourcecode.swift; path = Ch3Part2ViewController.swift; sourceTree = "<group>"; };
		86A318E728ADD693002D5C25 /* Ch3OfficeLayout.swift */ = {isa = PBXFileReference; lastKnownFileType = sourcecode.swift; path = Ch3OfficeLayout.swift; sourceTree = "<group>"; };
		86A318E928ADD6E3002D5C25 /* Ch3Data.swift */ = {isa = PBXFileReference; lastKnownFileType = sourcecode.swift; path = Ch3Data.swift; sourceTree = "<group>"; };
		86A318EB28ADDA17002D5C25 /* Ch2Data.swift */ = {isa = PBXFileReference; lastKnownFileType = sourcecode.swift; path = Ch2Data.swift; sourceTree = "<group>"; };
		86A318ED28ADDAB8002D5C25 /* Ch1Data.swift */ = {isa = PBXFileReference; lastKnownFileType = sourcecode.swift; path = Ch1Data.swift; sourceTree = "<group>"; };
		86A318EF28ADDC0F002D5C25 /* Ch2OfficeLayout.swift */ = {isa = PBXFileReference; lastKnownFileType = sourcecode.swift; path = Ch2OfficeLayout.swift; sourceTree = "<group>"; };
		86A318F528ADDDAE002D5C25 /* Ch1HomeLayout.swift */ = {isa = PBXFileReference; lastKnownFileType = sourcecode.swift; path = Ch1HomeLayout.swift; sourceTree = "<group>"; };
		86A318F728ADDE38002D5C25 /* Ch1SubwayLayout.swift */ = {isa = PBXFileReference; lastKnownFileType = sourcecode.swift; path = Ch1SubwayLayout.swift; sourceTree = "<group>"; };
		86A318FA28ADF281002D5C25 /* Ch4Part1ViewController.swift */ = {isa = PBXFileReference; lastKnownFileType = sourcecode.swift; path = Ch4Part1ViewController.swift; sourceTree = "<group>"; };
		86A318FC28ADF2E2002D5C25 /* Ch4Data.swift */ = {isa = PBXFileReference; lastKnownFileType = sourcecode.swift; path = Ch4Data.swift; sourceTree = "<group>"; };
		86A318FE28ADF953002D5C25 /* DataClass.swift */ = {isa = PBXFileReference; lastKnownFileType = sourcecode.swift; path = DataClass.swift; sourceTree = "<group>"; };
		86A3190028AE01A0002D5C25 /* Ch4OfficeLayout.swift */ = {isa = PBXFileReference; lastKnownFileType = sourcecode.swift; path = Ch4OfficeLayout.swift; sourceTree = "<group>"; };
		86A3190228AE1186002D5C25 /* Ch4Part2ViewController.swift */ = {isa = PBXFileReference; lastKnownFileType = sourcecode.swift; path = Ch4Part2ViewController.swift; sourceTree = "<group>"; };
		86A4248528B46B5A0078E6FE /* SubwayHUD.swift */ = {isa = PBXFileReference; lastKnownFileType = sourcecode.swift; path = SubwayHUD.swift; sourceTree = "<group>"; };
		86A4248928B48CF60078E6FE /* SubwayDescription.swift */ = {isa = PBXFileReference; lastKnownFileType = sourcecode.swift; path = SubwayDescription.swift; sourceTree = "<group>"; };
		86AA6FF628B35DAA0099BDB3 /* Ch1Part3ViewController.swift */ = {isa = PBXFileReference; lastKnownFileType = sourcecode.swift; path = Ch1Part3ViewController.swift; sourceTree = "<group>"; };
		86CE910D28AF4A9A00F58BAA /* Ch1ElevatorViewController.swift */ = {isa = PBXFileReference; lastKnownFileType = sourcecode.swift; path = Ch1ElevatorViewController.swift; sourceTree = "<group>"; };
		86CE910F28AF547F00F58BAA /* Ch1ElevatorLayout.swift */ = {isa = PBXFileReference; lastKnownFileType = sourcecode.swift; path = Ch1ElevatorLayout.swift; sourceTree = "<group>"; };
		86F65B2B283F3CE200DCBAA8 /* Utils.swift */ = {isa = PBXFileReference; lastKnownFileType = sourcecode.swift; path = Utils.swift; sourceTree = "<group>"; };
		E529240FBD7CD18931D2A09C /* Pods-Zoo Company.release.xcconfig */ = {isa = PBXFileReference; includeInIndex = 1; lastKnownFileType = text.xcconfig; name = "Pods-Zoo Company.release.xcconfig"; path = "Target Support Files/Pods-Zoo Company/Pods-Zoo Company.release.xcconfig"; sourceTree = "<group>"; };
		E8539A1928B8505F0071BCD8 /* Ch5Part1ViewController.swift */ = {isa = PBXFileReference; lastKnownFileType = sourcecode.swift; path = Ch5Part1ViewController.swift; sourceTree = "<group>"; };
		E87F9254291B71EA00424757 /* ReferenceViewControllerViewController.swift */ = {isa = PBXFileReference; lastKnownFileType = sourcecode.swift; path = ReferenceViewControllerViewController.swift; sourceTree = "<group>"; };
		E87F9256291B738400424757 /* ReferenceLayout.swift */ = {isa = PBXFileReference; lastKnownFileType = sourcecode.swift; path = ReferenceLayout.swift; sourceTree = "<group>"; };
		E8A2BBFD28DAD65400B54ADB /* EndingViewController.swift */ = {isa = PBXFileReference; lastKnownFileType = sourcecode.swift; path = EndingViewController.swift; sourceTree = "<group>"; };
		E8A2BBFF28DAD66000B54ADB /* EndingData.swift */ = {isa = PBXFileReference; lastKnownFileType = sourcecode.swift; path = EndingData.swift; sourceTree = "<group>"; };
		E8A2BC0128DAD66B00B54ADB /* EndingLayout.swift */ = {isa = PBXFileReference; lastKnownFileType = sourcecode.swift; path = EndingLayout.swift; sourceTree = "<group>"; };
/* End PBXFileReference section */

/* Begin PBXFrameworksBuildPhase section */
		861D19F528328BA700D6E6B1 /* Frameworks */ = {
			isa = PBXFrameworksBuildPhase;
			buildActionMask = 2147483647;
			files = (
				F9B55AF9C2DF3E9184DF009E /* Pods_Zoo_Company.framework in Frameworks */,
			);
			runOnlyForDeploymentPostprocessing = 0;
		};
/* End PBXFrameworksBuildPhase section */

/* Begin PBXGroup section */
		5F0CEAD233DE5E8DC134A755 /* Frameworks */ = {
			isa = PBXGroup;
			children = (
				66654D1C2F29E900C8F835AD /* Pods_Zoo_Company.framework */,
			);
			name = Frameworks;
			sourceTree = "<group>";
		};
		61C06F780A52C720C9CBF7B9 /* Pods */ = {
			isa = PBXGroup;
			children = (
				450996C602CF2DC40FB27933 /* Pods-Zoo Company.debug.xcconfig */,
				E529240FBD7CD18931D2A09C /* Pods-Zoo Company.release.xcconfig */,
			);
			path = Pods;
			sourceTree = "<group>";
		};
		861D19EF28328BA700D6E6B1 = {
			isa = PBXGroup;
			children = (
				8693E0DC2864482B00D7D306 /* Zoo-Company-Info.plist */,
				8647B19C28A9145C005F54BC /* Start */,
				8693E10F28799B4E00D7D306 /* Chapter 1 */,
				8693E1192879A1C700D7D306 /* Chapter 2 */,
				86A7AD9E28ACC5DF006668AA /* Chapter 3 */,
				86A318F928ADF26A002D5C25 /* Chapter 4 */,
				E8539A1B28B8506E0071BCD8 /* Chapter 5 */,
				E8A2BBFC28DAD61E00B54ADB /* Ending */,
				E87F9253291B71C600424757 /* References */,
				E80BCCC429261DA40043DA10 /* IDCard */,
				8693E11428799D2200D7D306 /* Extension */,
				861D19FA28328BA700D6E6B1 /* Common */,
				86A318F228ADDD61002D5C25 /* Legacy */,
				8647B1A928B0B67E005F54BC /* Music */,
				861D19F928328BA700D6E6B1 /* Products */,
				61C06F780A52C720C9CBF7B9 /* Pods */,
				5F0CEAD233DE5E8DC134A755 /* Frameworks */,
			);
			sourceTree = "<group>";
		};
		861D19F928328BA700D6E6B1 /* Products */ = {
			isa = PBXGroup;
			children = (
				861D19F828328BA700D6E6B1 /* Zoo Company.app */,
			);
			name = Products;
			sourceTree = "<group>";
		};
		861D19FA28328BA700D6E6B1 /* Common */ = {
			isa = PBXGroup;
			children = (
				8647B1A728AFDB05005F54BC /* launch.png */,
				861D19FB28328BA700D6E6B1 /* AppDelegate.swift */,
				861D1A0528328BA700D6E6B1 /* Main.storyboard */,
				861D1A0A28328BA800D6E6B1 /* LaunchScreen.storyboard */,
				861D1A0828328BA800D6E6B1 /* Assets.xcassets */,
				8693E0DA2864458200D7D306 /* neodgm.ttf */,
			);
			path = Common;
			sourceTree = "<group>";
		};
		8647B19C28A9145C005F54BC /* Start */ = {
			isa = PBXGroup;
			children = (
				8647B198289FAB77005F54BC /* StartViewController.swift */,
				86173E86284780070097B421 /* StartScene.swift */,
				861F8CCC28C70E5A00477665 /* StartUserNameLayout.swift */,
			);
			path = Start;
			sourceTree = "<group>";
		};
		8647B1A928B0B67E005F54BC /* Music */ = {
			isa = PBXGroup;
			children = (
				8647B1B928B10CF2005F54BC /* elevator_ding.mp3 */,
				8647B1B828B10CF2005F54BC /* elevator_sound.mp3 */,
				8647B1B428B1035D005F54BC /* home_music.mp3 */,
				8647B1B028B0CA03005F54BC /* button_highlight.wav */,
				8647B1AC28B0BFF6005F54BC /* button_clicked.wav */,
				8647B1AA28B0B68B005F54BC /* start_music.mp3 */,
			);
			path = Music;
			sourceTree = "<group>";
		};
		8693E10F28799B4E00D7D306 /* Chapter 1 */ = {
			isa = PBXGroup;
			children = (
				86AA6FF428B3213B0099BDB3 /*  Subway Game */,
				8647B19A28A9137D005F54BC /* Ch1Part1ViewController.swift */,
				8647B19D28A922AB005F54BC /* Ch1Part2ViewController.swift */,
				86AA6FF628B35DAA0099BDB3 /* Ch1Part3ViewController.swift */,
				86CE910D28AF4A9A00F58BAA /* Ch1ElevatorViewController.swift */,
				86A318F528ADDDAE002D5C25 /* Ch1HomeLayout.swift */,
				86A318F728ADDE38002D5C25 /* Ch1SubwayLayout.swift */,
				86CE910F28AF547F00F58BAA /* Ch1ElevatorLayout.swift */,
				86A318ED28ADDAB8002D5C25 /* Ch1Data.swift */,
			);
			path = "Chapter 1";
			sourceTree = "<group>";
		};
		8693E11428799D2200D7D306 /* Extension */ = {
			isa = PBXGroup;
			children = (
				8693E11E288D216C00D7D306 /* View.swift */,
				86F65B2B283F3CE200DCBAA8 /* Utils.swift */,
				8647B1AE28B0C798005F54BC /* Sound.swift */,
				86A318FE28ADF953002D5C25 /* DataClass.swift */,
				8647B1A128AA2642005F54BC /* BaseLayout.swift */,
				8647B1B228B0CFDE005F54BC /* BaseViewController.swift */,
			);
			path = Extension;
			sourceTree = "<group>";
		};
		8693E1192879A1C700D7D306 /* Chapter 2 */ = {
			isa = PBXGroup;
			children = (
				8647B196289FA2EC005F54BC /* Ch2Part1ViewController.swift */,
				8647B19F28A9345A005F54BC /* Ch2Part2ViewController.swift */,
				86A318EF28ADDC0F002D5C25 /* Ch2OfficeLayout.swift */,
				86A318EB28ADDA17002D5C25 /* Ch2Data.swift */,
			);
			path = "Chapter 2";
			sourceTree = "<group>";
		};
		86A318F228ADDD61002D5C25 /* Legacy */ = {
			isa = PBXGroup;
			children = (
			);
			path = Legacy;
			sourceTree = "<group>";
		};
		86A318F928ADF26A002D5C25 /* Chapter 4 */ = {
			isa = PBXGroup;
			children = (
				86A318FA28ADF281002D5C25 /* Ch4Part1ViewController.swift */,
				86A3190228AE1186002D5C25 /* Ch4Part2ViewController.swift */,
				86A3190028AE01A0002D5C25 /* Ch4OfficeLayout.swift */,
				86A318FC28ADF2E2002D5C25 /* Ch4Data.swift */,
			);
			path = "Chapter 4";
			sourceTree = "<group>";
		};
		86A7AD9E28ACC5DF006668AA /* Chapter 3 */ = {
			isa = PBXGroup;
			children = (
				86A318E328ADB86B002D5C25 /* Ch3Part1ViewController.swift */,
				86A318E528ADCDFD002D5C25 /* Ch3Part2ViewController.swift */,
				86A318E728ADD693002D5C25 /* Ch3OfficeLayout.swift */,
				86A318E928ADD6E3002D5C25 /* Ch3Data.swift */,
			);
			path = "Chapter 3";
			sourceTree = "<group>";
		};
		86AA6FF428B3213B0099BDB3 /*  Subway Game */ = {
			isa = PBXGroup;
			children = (
				8693E11028799C3000D7D306 /* SubwayScene.swift */,
				86A4248528B46B5A0078E6FE /* SubwayHUD.swift */,
				86A4248928B48CF60078E6FE /* SubwayDescription.swift */,
				86996E1A28B5AC0C0021C383 /* SubwayGameResult.swift */,
				861D1A0328328BA700D6E6B1 /* GameViewController.swift */,
			);
			path = " Subway Game";
			sourceTree = "<group>";
		};
		E80BCCC429261DA40043DA10 /* IDCard */ = {
			isa = PBXGroup;
			children = (
			);
			path = IDCard;
			sourceTree = "<group>";
		};
		E8539A1B28B8506E0071BCD8 /* Chapter 5 */ = {
			isa = PBXGroup;
			children = (
				E8539A1928B8505F0071BCD8 /* Ch5Part1ViewController.swift */,
				861F8CC428C1A94C00477665 /* Ch5Part2ViewController.swift */,
				861F8CC628C1AA8900477665 /* Ch5PresentationLayout.swift */,
				861F8CCA28C1E1A800477665 /* Ch5MailLayout.swift */,
				861F8CC828C1AAA000477665 /* Ch5Data.swift */,
			);
			path = "Chapter 5";
			sourceTree = "<group>";
		};
		E87F9253291B71C600424757 /* References */ = {
			isa = PBXGroup;
			children = (
				86261A10291F612200A375F2 /* ResultDeptClassification.mlmodel */,
				E87F9254291B71EA00424757 /* ReferenceViewControllerViewController.swift */,
				E87F9256291B738400424757 /* ReferenceLayout.swift */,
				86261A0C291F564A00A375F2 /* MLResult.swift */,
			);
			path = References;
			sourceTree = "<group>";
		};
		E8A2BBFC28DAD61E00B54ADB /* Ending */ = {
			isa = PBXGroup;
			children = (
				E8A2BBFD28DAD65400B54ADB /* EndingViewController.swift */,
				E8A2BC0128DAD66B00B54ADB /* EndingLayout.swift */,
				E8A2BBFF28DAD66000B54ADB /* EndingData.swift */,
			);
			path = Ending;
			sourceTree = "<group>";
		};
/* End PBXGroup section */

/* Begin PBXNativeTarget section */
		861D19F728328BA700D6E6B1 /* Zoo Company */ = {
			isa = PBXNativeTarget;
			buildConfigurationList = 861D1A0F28328BA800D6E6B1 /* Build configuration list for PBXNativeTarget "Zoo Company" */;
			buildPhases = (
				7D5E54ABDFD55518292FE74D /* [CP] Check Pods Manifest.lock */,
				861D19F428328BA700D6E6B1 /* Sources */,
				861D19F528328BA700D6E6B1 /* Frameworks */,
				861D19F628328BA700D6E6B1 /* Resources */,
				36FF465BB8EEBA189EE3F76B /* [CP] Embed Pods Frameworks */,
			);
			buildRules = (
			);
			dependencies = (
			);
			name = "Zoo Company";
			productName = prototype;
			productReference = 861D19F828328BA700D6E6B1 /* Zoo Company.app */;
			productType = "com.apple.product-type.application";
		};
/* End PBXNativeTarget section */

/* Begin PBXProject section */
		861D19F028328BA700D6E6B1 /* Project object */ = {
			isa = PBXProject;
			attributes = {
				BuildIndependentTargetsInParallel = 1;
				LastSwiftUpdateCheck = 1330;
				LastUpgradeCheck = 1330;
				TargetAttributes = {
					861D19F728328BA700D6E6B1 = {
						CreatedOnToolsVersion = 13.3.1;
					};
				};
			};
			buildConfigurationList = 861D19F328328BA700D6E6B1 /* Build configuration list for PBXProject "Zoo Company" */;
			compatibilityVersion = "Xcode 13.0";
			developmentRegion = en;
			hasScannedForEncodings = 0;
			knownRegions = (
				en,
				Base,
			);
			mainGroup = 861D19EF28328BA700D6E6B1;
			productRefGroup = 861D19F928328BA700D6E6B1 /* Products */;
			projectDirPath = "";
			projectRoot = "";
			targets = (
				861D19F728328BA700D6E6B1 /* Zoo Company */,
			);
		};
/* End PBXProject section */

/* Begin PBXResourcesBuildPhase section */
		861D19F628328BA700D6E6B1 /* Resources */ = {
			isa = PBXResourcesBuildPhase;
			buildActionMask = 2147483647;
			files = (
				8647B1A828AFDB05005F54BC /* launch.png in Resources */,
				861D1A0728328BA700D6E6B1 /* Main.storyboard in Resources */,
				8647B1BA28B10CF2005F54BC /* elevator_sound.mp3 in Resources */,
				8647B1AD28B0BFF6005F54BC /* button_clicked.wav in Resources */,
				8647B1B128B0CA03005F54BC /* button_highlight.wav in Resources */,
				8647B1B528B1035D005F54BC /* home_music.mp3 in Resources */,
				8647B1AB28B0B68B005F54BC /* start_music.mp3 in Resources */,
				861D1A0928328BA800D6E6B1 /* Assets.xcassets in Resources */,
				8647B1BB28B10CF2005F54BC /* elevator_ding.mp3 in Resources */,
				861D1A0C28328BA800D6E6B1 /* LaunchScreen.storyboard in Resources */,
				8693E0DB2864459800D7D306 /* neodgm.ttf in Resources */,
			);
			runOnlyForDeploymentPostprocessing = 0;
		};
/* End PBXResourcesBuildPhase section */

/* Begin PBXShellScriptBuildPhase section */
		36FF465BB8EEBA189EE3F76B /* [CP] Embed Pods Frameworks */ = {
			isa = PBXShellScriptBuildPhase;
			buildActionMask = 2147483647;
			files = (
			);
			inputFileListPaths = (
				"${PODS_ROOT}/Target Support Files/Pods-Zoo Company/Pods-Zoo Company-frameworks-${CONFIGURATION}-input-files.xcfilelist",
			);
			name = "[CP] Embed Pods Frameworks";
			outputFileListPaths = (
				"${PODS_ROOT}/Target Support Files/Pods-Zoo Company/Pods-Zoo Company-frameworks-${CONFIGURATION}-output-files.xcfilelist",
			);
			runOnlyForDeploymentPostprocessing = 0;
			shellPath = /bin/sh;
			shellScript = "\"${PODS_ROOT}/Target Support Files/Pods-Zoo Company/Pods-Zoo Company-frameworks.sh\"\n";
			showEnvVarsInLog = 0;
		};
		7D5E54ABDFD55518292FE74D /* [CP] Check Pods Manifest.lock */ = {
			isa = PBXShellScriptBuildPhase;
			buildActionMask = 2147483647;
			files = (
			);
			inputFileListPaths = (
			);
			inputPaths = (
				"${PODS_PODFILE_DIR_PATH}/Podfile.lock",
				"${PODS_ROOT}/Manifest.lock",
			);
			name = "[CP] Check Pods Manifest.lock";
			outputFileListPaths = (
			);
			outputPaths = (
				"$(DERIVED_FILE_DIR)/Pods-Zoo Company-checkManifestLockResult.txt",
			);
			runOnlyForDeploymentPostprocessing = 0;
			shellPath = /bin/sh;
			shellScript = "diff \"${PODS_PODFILE_DIR_PATH}/Podfile.lock\" \"${PODS_ROOT}/Manifest.lock\" > /dev/null\nif [ $? != 0 ] ; then\n    # print error to STDERR\n    echo \"error: The sandbox is not in sync with the Podfile.lock. Run 'pod install' or update your CocoaPods installation.\" >&2\n    exit 1\nfi\n# This output is used by Xcode 'outputs' to avoid re-running this script phase.\necho \"SUCCESS\" > \"${SCRIPT_OUTPUT_FILE_0}\"\n";
			showEnvVarsInLog = 0;
		};
/* End PBXShellScriptBuildPhase section */

/* Begin PBXSourcesBuildPhase section */
		861D19F428328BA700D6E6B1 /* Sources */ = {
			isa = PBXSourcesBuildPhase;
			buildActionMask = 2147483647;
			files = (
				86A318E628ADCDFD002D5C25 /* Ch3Part2ViewController.swift in Sources */,
				86A318FD28ADF2E2002D5C25 /* Ch4Data.swift in Sources */,
				E8A2BC0028DAD66000B54ADB /* EndingData.swift in Sources */,
				86173E87284780070097B421 /* StartScene.swift in Sources */,
				86CE911028AF547F00F58BAA /* Ch1ElevatorLayout.swift in Sources */,
				86AA6FF728B35DAA0099BDB3 /* Ch1Part3ViewController.swift in Sources */,
				86F65B2C283F3CE200DCBAA8 /* Utils.swift in Sources */,
				861D1A0428328BA700D6E6B1 /* GameViewController.swift in Sources */,
				8647B1AF28B0C798005F54BC /* Sound.swift in Sources */,
				86996E1B28B5AC0C0021C383 /* SubwayGameResult.swift in Sources */,
				86261A0D291F564A00A375F2 /* MLResult.swift in Sources */,
				E8539A1A28B8505F0071BCD8 /* Ch5Part1ViewController.swift in Sources */,
				86A318E828ADD693002D5C25 /* Ch3OfficeLayout.swift in Sources */,
				86A318EC28ADDA17002D5C25 /* Ch2Data.swift in Sources */,
				861F8CCB28C1E1A800477665 /* Ch5MailLayout.swift in Sources */,
				8647B1B328B0CFDE005F54BC /* BaseViewController.swift in Sources */,
				861F8CC728C1AA8900477665 /* Ch5PresentationLayout.swift in Sources */,
				8647B1A028A9345A005F54BC /* Ch2Part2ViewController.swift in Sources */,
				861F8CCD28C70E5A00477665 /* StartUserNameLayout.swift in Sources */,
				86261A11291F612200A375F2 /* ResultDeptClassification.mlmodel in Sources */,
				8647B19E28A922AB005F54BC /* Ch1Part2ViewController.swift in Sources */,
				8647B199289FAB77005F54BC /* StartViewController.swift in Sources */,
				8693E11F288D216C00D7D306 /* View.swift in Sources */,
				861F8CC928C1AAA000477665 /* Ch5Data.swift in Sources */,
				86A318EA28ADD6E3002D5C25 /* Ch3Data.swift in Sources */,
				86A318FF28ADF953002D5C25 /* DataClass.swift in Sources */,
				861F8CC528C1A94C00477665 /* Ch5Part2ViewController.swift in Sources */,
				86A318F028ADDC0F002D5C25 /* Ch2OfficeLayout.swift in Sources */,
				8647B1A228AA2642005F54BC /* BaseLayout.swift in Sources */,
				E87F9257291B738400424757 /* ReferenceLayout.swift in Sources */,
				86A4248A28B48CF60078E6FE /* SubwayDescription.swift in Sources */,
				E8A2BBFE28DAD65400B54ADB /* EndingViewController.swift in Sources */,
				86A318FB28ADF281002D5C25 /* Ch4Part1ViewController.swift in Sources */,
				8647B19B28A9137D005F54BC /* Ch1Part1ViewController.swift in Sources */,
				8647B197289FA2EC005F54BC /* Ch2Part1ViewController.swift in Sources */,
				86CE910E28AF4A9A00F58BAA /* Ch1ElevatorViewController.swift in Sources */,
				86A3190128AE01A0002D5C25 /* Ch4OfficeLayout.swift in Sources */,
				86A318E428ADB86B002D5C25 /* Ch3Part1ViewController.swift in Sources */,
				8693E11128799C4300D7D306 /* SubwayScene.swift in Sources */,
				861D19FC28328BA700D6E6B1 /* AppDelegate.swift in Sources */,
				86A4248628B46B5A0078E6FE /* SubwayHUD.swift in Sources */,
				E8A2BC0228DAD66B00B54ADB /* EndingLayout.swift in Sources */,
				86A318F828ADDE38002D5C25 /* Ch1SubwayLayout.swift in Sources */,
				86A318F628ADDDAE002D5C25 /* Ch1HomeLayout.swift in Sources */,
				86A318EE28ADDAB8002D5C25 /* Ch1Data.swift in Sources */,
				86A3190328AE1186002D5C25 /* Ch4Part2ViewController.swift in Sources */,
				E87F9255291B71EA00424757 /* ReferenceViewControllerViewController.swift in Sources */,
			);
			runOnlyForDeploymentPostprocessing = 0;
		};
/* End PBXSourcesBuildPhase section */

/* Begin PBXVariantGroup section */
		861D1A0528328BA700D6E6B1 /* Main.storyboard */ = {
			isa = PBXVariantGroup;
			children = (
				861D1A0628328BA700D6E6B1 /* Base */,
			);
			name = Main.storyboard;
			sourceTree = "<group>";
		};
		861D1A0A28328BA800D6E6B1 /* LaunchScreen.storyboard */ = {
			isa = PBXVariantGroup;
			children = (
				861D1A0B28328BA800D6E6B1 /* Base */,
			);
			name = LaunchScreen.storyboard;
			sourceTree = "<group>";
		};
/* End PBXVariantGroup section */

/* Begin XCBuildConfiguration section */
		861D1A0D28328BA800D6E6B1 /* Debug */ = {
			isa = XCBuildConfiguration;
			buildSettings = {
				ALWAYS_SEARCH_USER_PATHS = NO;
				CLANG_ANALYZER_NONNULL = YES;
				CLANG_ANALYZER_NUMBER_OBJECT_CONVERSION = YES_AGGRESSIVE;
				CLANG_CXX_LANGUAGE_STANDARD = "gnu++17";
				CLANG_ENABLE_MODULES = YES;
				CLANG_ENABLE_OBJC_ARC = YES;
				CLANG_ENABLE_OBJC_WEAK = YES;
				CLANG_WARN_BLOCK_CAPTURE_AUTORELEASING = YES;
				CLANG_WARN_BOOL_CONVERSION = YES;
				CLANG_WARN_COMMA = YES;
				CLANG_WARN_CONSTANT_CONVERSION = YES;
				CLANG_WARN_DEPRECATED_OBJC_IMPLEMENTATIONS = YES;
				CLANG_WARN_DIRECT_OBJC_ISA_USAGE = YES_ERROR;
				CLANG_WARN_DOCUMENTATION_COMMENTS = YES;
				CLANG_WARN_EMPTY_BODY = YES;
				CLANG_WARN_ENUM_CONVERSION = YES;
				CLANG_WARN_INFINITE_RECURSION = YES;
				CLANG_WARN_INT_CONVERSION = YES;
				CLANG_WARN_NON_LITERAL_NULL_CONVERSION = YES;
				CLANG_WARN_OBJC_IMPLICIT_RETAIN_SELF = YES;
				CLANG_WARN_OBJC_LITERAL_CONVERSION = YES;
				CLANG_WARN_OBJC_ROOT_CLASS = YES_ERROR;
				CLANG_WARN_QUOTED_INCLUDE_IN_FRAMEWORK_HEADER = YES;
				CLANG_WARN_RANGE_LOOP_ANALYSIS = YES;
				CLANG_WARN_STRICT_PROTOTYPES = YES;
				CLANG_WARN_SUSPICIOUS_MOVE = YES;
				CLANG_WARN_UNGUARDED_AVAILABILITY = YES_AGGRESSIVE;
				CLANG_WARN_UNREACHABLE_CODE = YES;
				CLANG_WARN__DUPLICATE_METHOD_MATCH = YES;
				COPY_PHASE_STRIP = NO;
				DEBUG_INFORMATION_FORMAT = dwarf;
				ENABLE_STRICT_OBJC_MSGSEND = YES;
				ENABLE_TESTABILITY = YES;
				GCC_C_LANGUAGE_STANDARD = gnu11;
				GCC_DYNAMIC_NO_PIC = NO;
				GCC_NO_COMMON_BLOCKS = YES;
				GCC_OPTIMIZATION_LEVEL = 0;
				GCC_PREPROCESSOR_DEFINITIONS = (
					"DEBUG=1",
					"$(inherited)",
				);
				GCC_WARN_64_TO_32_BIT_CONVERSION = YES;
				GCC_WARN_ABOUT_RETURN_TYPE = YES_ERROR;
				GCC_WARN_UNDECLARED_SELECTOR = YES;
				GCC_WARN_UNINITIALIZED_AUTOS = YES_AGGRESSIVE;
				GCC_WARN_UNUSED_FUNCTION = YES;
				GCC_WARN_UNUSED_VARIABLE = YES;
				IPHONEOS_DEPLOYMENT_TARGET = 15.0;
				MTL_ENABLE_DEBUG_INFO = INCLUDE_SOURCE;
				MTL_FAST_MATH = YES;
				ONLY_ACTIVE_ARCH = YES;
				SDKROOT = iphoneos;
				SWIFT_ACTIVE_COMPILATION_CONDITIONS = DEBUG;
				SWIFT_OPTIMIZATION_LEVEL = "-Onone";
			};
			name = Debug;
		};
		861D1A0E28328BA800D6E6B1 /* Release */ = {
			isa = XCBuildConfiguration;
			buildSettings = {
				ALWAYS_SEARCH_USER_PATHS = NO;
				CLANG_ANALYZER_NONNULL = YES;
				CLANG_ANALYZER_NUMBER_OBJECT_CONVERSION = YES_AGGRESSIVE;
				CLANG_CXX_LANGUAGE_STANDARD = "gnu++17";
				CLANG_ENABLE_MODULES = YES;
				CLANG_ENABLE_OBJC_ARC = YES;
				CLANG_ENABLE_OBJC_WEAK = YES;
				CLANG_WARN_BLOCK_CAPTURE_AUTORELEASING = YES;
				CLANG_WARN_BOOL_CONVERSION = YES;
				CLANG_WARN_COMMA = YES;
				CLANG_WARN_CONSTANT_CONVERSION = YES;
				CLANG_WARN_DEPRECATED_OBJC_IMPLEMENTATIONS = YES;
				CLANG_WARN_DIRECT_OBJC_ISA_USAGE = YES_ERROR;
				CLANG_WARN_DOCUMENTATION_COMMENTS = YES;
				CLANG_WARN_EMPTY_BODY = YES;
				CLANG_WARN_ENUM_CONVERSION = YES;
				CLANG_WARN_INFINITE_RECURSION = YES;
				CLANG_WARN_INT_CONVERSION = YES;
				CLANG_WARN_NON_LITERAL_NULL_CONVERSION = YES;
				CLANG_WARN_OBJC_IMPLICIT_RETAIN_SELF = YES;
				CLANG_WARN_OBJC_LITERAL_CONVERSION = YES;
				CLANG_WARN_OBJC_ROOT_CLASS = YES_ERROR;
				CLANG_WARN_QUOTED_INCLUDE_IN_FRAMEWORK_HEADER = YES;
				CLANG_WARN_RANGE_LOOP_ANALYSIS = YES;
				CLANG_WARN_STRICT_PROTOTYPES = YES;
				CLANG_WARN_SUSPICIOUS_MOVE = YES;
				CLANG_WARN_UNGUARDED_AVAILABILITY = YES_AGGRESSIVE;
				CLANG_WARN_UNREACHABLE_CODE = YES;
				CLANG_WARN__DUPLICATE_METHOD_MATCH = YES;
				COPY_PHASE_STRIP = NO;
				DEBUG_INFORMATION_FORMAT = "dwarf-with-dsym";
				ENABLE_NS_ASSERTIONS = NO;
				ENABLE_STRICT_OBJC_MSGSEND = YES;
				GCC_C_LANGUAGE_STANDARD = gnu11;
				GCC_NO_COMMON_BLOCKS = YES;
				GCC_WARN_64_TO_32_BIT_CONVERSION = YES;
				GCC_WARN_ABOUT_RETURN_TYPE = YES_ERROR;
				GCC_WARN_UNDECLARED_SELECTOR = YES;
				GCC_WARN_UNINITIALIZED_AUTOS = YES_AGGRESSIVE;
				GCC_WARN_UNUSED_FUNCTION = YES;
				GCC_WARN_UNUSED_VARIABLE = YES;
				IPHONEOS_DEPLOYMENT_TARGET = 15.0;
				MTL_ENABLE_DEBUG_INFO = NO;
				MTL_FAST_MATH = YES;
				SDKROOT = iphoneos;
				SWIFT_COMPILATION_MODE = wholemodule;
				SWIFT_OPTIMIZATION_LEVEL = "-O";
				VALIDATE_PRODUCT = YES;
			};
			name = Release;
		};
		861D1A1028328BA800D6E6B1 /* Debug */ = {
			isa = XCBuildConfiguration;
			baseConfigurationReference = 450996C602CF2DC40FB27933 /* Pods-Zoo Company.debug.xcconfig */;
			buildSettings = {
				ASSETCATALOG_COMPILER_APPICON_NAME = AppIcon;
				ASSETCATALOG_COMPILER_GLOBAL_ACCENT_COLOR_NAME = AccentColor;
				CODE_SIGN_STYLE = Automatic;
				CURRENT_PROJECT_VERSION = 1;
				DEVELOPMENT_TEAM = 9VUV5CNU2X;
				GENERATE_INFOPLIST_FILE = YES;
				INFOPLIST_FILE = "Zoo-Company-Info.plist";
				INFOPLIST_KEY_UIApplicationSupportsIndirectInputEvents = YES;
				INFOPLIST_KEY_UILaunchStoryboardName = LaunchScreen;
				INFOPLIST_KEY_UIMainStoryboardFile = Main;
				INFOPLIST_KEY_UIRequiresFullScreen = NO;
				INFOPLIST_KEY_UIStatusBarHidden = YES;
				INFOPLIST_KEY_UISupportedInterfaceOrientations = UIInterfaceOrientationLandscapeLeft;
				INFOPLIST_KEY_UISupportedInterfaceOrientations_iPad = "UIInterfaceOrientationPortrait UIInterfaceOrientationPortraitUpsideDown UIInterfaceOrientationLandscapeLeft UIInterfaceOrientationLandscapeRight";
				INFOPLIST_KEY_UISupportedInterfaceOrientations_iPhone = "UIInterfaceOrientationPortrait UIInterfaceOrientationLandscapeLeft UIInterfaceOrientationLandscapeRight";
				LD_RUNPATH_SEARCH_PATHS = (
					"$(inherited)",
					"@executable_path/Frameworks",
				);
				MARKETING_VERSION = 1.0;
				PRODUCT_BUNDLE_IDENTIFIER = com.josushell.zoocompany;
				PRODUCT_NAME = "Zoo Company";
				SWIFT_EMIT_LOC_STRINGS = YES;
				SWIFT_VERSION = 5.0;
				TARGETED_DEVICE_FAMILY = 1;
			};
			name = Debug;
		};
		861D1A1128328BA800D6E6B1 /* Release */ = {
			isa = XCBuildConfiguration;
			baseConfigurationReference = E529240FBD7CD18931D2A09C /* Pods-Zoo Company.release.xcconfig */;
			buildSettings = {
				ASSETCATALOG_COMPILER_APPICON_NAME = AppIcon;
				ASSETCATALOG_COMPILER_GLOBAL_ACCENT_COLOR_NAME = AccentColor;
				CODE_SIGN_STYLE = Automatic;
				CURRENT_PROJECT_VERSION = 1;
				DEVELOPMENT_TEAM = 9VUV5CNU2X;
				GENERATE_INFOPLIST_FILE = YES;
				INFOPLIST_FILE = "Zoo-Company-Info.plist";
				INFOPLIST_KEY_UIApplicationSupportsIndirectInputEvents = YES;
				INFOPLIST_KEY_UILaunchStoryboardName = LaunchScreen;
				INFOPLIST_KEY_UIMainStoryboardFile = Main;
				INFOPLIST_KEY_UIRequiresFullScreen = NO;
				INFOPLIST_KEY_UIStatusBarHidden = YES;
				INFOPLIST_KEY_UISupportedInterfaceOrientations = UIInterfaceOrientationLandscapeLeft;
				INFOPLIST_KEY_UISupportedInterfaceOrientations_iPad = "UIInterfaceOrientationPortrait UIInterfaceOrientationPortraitUpsideDown UIInterfaceOrientationLandscapeLeft UIInterfaceOrientationLandscapeRight";
				INFOPLIST_KEY_UISupportedInterfaceOrientations_iPhone = "UIInterfaceOrientationPortrait UIInterfaceOrientationLandscapeLeft UIInterfaceOrientationLandscapeRight";
				LD_RUNPATH_SEARCH_PATHS = (
					"$(inherited)",
					"@executable_path/Frameworks",
				);
				MARKETING_VERSION = 1.0;
				PRODUCT_BUNDLE_IDENTIFIER = com.josushell.zoocompany;
				PRODUCT_NAME = "Zoo Company";
				SWIFT_EMIT_LOC_STRINGS = YES;
				SWIFT_VERSION = 5.0;
				TARGETED_DEVICE_FAMILY = 1;
			};
			name = Release;
		};
/* End XCBuildConfiguration section */

/* Begin XCConfigurationList section */
		861D19F328328BA700D6E6B1 /* Build configuration list for PBXProject "Zoo Company" */ = {
			isa = XCConfigurationList;
			buildConfigurations = (
				861D1A0D28328BA800D6E6B1 /* Debug */,
				861D1A0E28328BA800D6E6B1 /* Release */,
			);
			defaultConfigurationIsVisible = 0;
			defaultConfigurationName = Release;
		};
		861D1A0F28328BA800D6E6B1 /* Build configuration list for PBXNativeTarget "Zoo Company" */ = {
			isa = XCConfigurationList;
			buildConfigurations = (
				861D1A1028328BA800D6E6B1 /* Debug */,
				861D1A1128328BA800D6E6B1 /* Release */,
			);
			defaultConfigurationIsVisible = 0;
			defaultConfigurationName = Release;
		};
/* End XCConfigurationList section */
	};
	rootObject = 861D19F028328BA700D6E6B1 /* Project object */;
}
